// !$*UTF8*$!
{
	archiveVersion = 1;
	classes = {
	};
	objectVersion = 46;
	objects = {

/* Begin PBXBuildFile section */
		1F10A3401D6A4FFF0014252A /* Date.swift in Sources */ = {isa = PBXBuildFile; fileRef = 1F10A33F1D6A4FFF0014252A /* Date.swift */; };
		1F10A3421D6A55890014252A /* Task.swift in Sources */ = {isa = PBXBuildFile; fileRef = 1F10A3411D6A55890014252A /* Task.swift */; };
		1F49F6D21D698D1300CDC794 /* AppDelegate.swift in Sources */ = {isa = PBXBuildFile; fileRef = 1F49F6D11D698D1300CDC794 /* AppDelegate.swift */; };
		1F49F6D71D698D1300CDC794 /* Main.storyboard in Resources */ = {isa = PBXBuildFile; fileRef = 1F49F6D51D698D1300CDC794 /* Main.storyboard */; };
		1F49F6D91D698D1300CDC794 /* Assets.xcassets in Resources */ = {isa = PBXBuildFile; fileRef = 1F49F6D81D698D1300CDC794 /* Assets.xcassets */; };
		1F49F6DC1D698D1300CDC794 /* LaunchScreen.storyboard in Resources */ = {isa = PBXBuildFile; fileRef = 1F49F6DA1D698D1300CDC794 /* LaunchScreen.storyboard */; };
		1F49F6E71D698D1300CDC794 /* TodoQueueTests.swift in Sources */ = {isa = PBXBuildFile; fileRef = 1F49F6E61D698D1300CDC794 /* TodoQueueTests.swift */; };
		1F49F6F21D698D1300CDC794 /* TodoQueueUITests.swift in Sources */ = {isa = PBXBuildFile; fileRef = 1F49F6F11D698D1300CDC794 /* TodoQueueUITests.swift */; };
		1F49F7001D69933100CDC794 /* FormController.swift in Sources */ = {isa = PBXBuildFile; fileRef = 1F49F6FF1D69933100CDC794 /* FormController.swift */; };
		1F49F7021D699A5900CDC794 /* TodoQueueTabController.swift in Sources */ = {isa = PBXBuildFile; fileRef = 1F49F7011D699A5900CDC794 /* TodoQueueTabController.swift */; };
		1F5630041D6A678A00DA9B57 /* TaskListController.swift in Sources */ = {isa = PBXBuildFile; fileRef = 1F5630031D6A678A00DA9B57 /* TaskListController.swift */; };
		1F77AFCB1D7103AC0047E81A /* TimerController.swift in Sources */ = {isa = PBXBuildFile; fileRef = 1F77AFCA1D7103AC0047E81A /* TimerController.swift */; };
/* End PBXBuildFile section */

/* Begin PBXContainerItemProxy section */
		1F49F6E31D698D1300CDC794 /* PBXContainerItemProxy */ = {
			isa = PBXContainerItemProxy;
			containerPortal = 1F49F6C61D698D1300CDC794 /* Project object */;
			proxyType = 1;
			remoteGlobalIDString = 1F49F6CD1D698D1300CDC794;
			remoteInfo = TodoQueue;
		};
		1F49F6EE1D698D1300CDC794 /* PBXContainerItemProxy */ = {
			isa = PBXContainerItemProxy;
			containerPortal = 1F49F6C61D698D1300CDC794 /* Project object */;
			proxyType = 1;
			remoteGlobalIDString = 1F49F6CD1D698D1300CDC794;
			remoteInfo = TodoQueue;
		};
/* End PBXContainerItemProxy section */

/* Begin PBXFileReference section */
		1F10A33F1D6A4FFF0014252A /* Date.swift */ = {isa = PBXFileReference; fileEncoding = 4; lastKnownFileType = sourcecode.swift; path = Date.swift; sourceTree = "<group>"; };
		1F10A3411D6A55890014252A /* Task.swift */ = {isa = PBXFileReference; fileEncoding = 4; lastKnownFileType = sourcecode.swift; path = Task.swift; sourceTree = "<group>"; };
		1F49F6CE1D698D1300CDC794 /* TodoQueue.app */ = {isa = PBXFileReference; explicitFileType = wrapper.application; includeInIndex = 0; path = TodoQueue.app; sourceTree = BUILT_PRODUCTS_DIR; };
		1F49F6D11D698D1300CDC794 /* AppDelegate.swift */ = {isa = PBXFileReference; lastKnownFileType = sourcecode.swift; path = AppDelegate.swift; sourceTree = "<group>"; };
		1F49F6D61D698D1300CDC794 /* Base */ = {isa = PBXFileReference; lastKnownFileType = file.storyboard; name = Base; path = Base.lproj/Main.storyboard; sourceTree = "<group>"; };
		1F49F6D81D698D1300CDC794 /* Assets.xcassets */ = {isa = PBXFileReference; lastKnownFileType = folder.assetcatalog; path = Assets.xcassets; sourceTree = "<group>"; };
		1F49F6DB1D698D1300CDC794 /* Base */ = {isa = PBXFileReference; lastKnownFileType = file.storyboard; name = Base; path = Base.lproj/LaunchScreen.storyboard; sourceTree = "<group>"; };
		1F49F6DD1D698D1300CDC794 /* Info.plist */ = {isa = PBXFileReference; lastKnownFileType = text.plist.xml; path = Info.plist; sourceTree = "<group>"; };
		1F49F6E21D698D1300CDC794 /* TodoQueueTests.xctest */ = {isa = PBXFileReference; explicitFileType = wrapper.cfbundle; includeInIndex = 0; path = TodoQueueTests.xctest; sourceTree = BUILT_PRODUCTS_DIR; };
		1F49F6E61D698D1300CDC794 /* TodoQueueTests.swift */ = {isa = PBXFileReference; lastKnownFileType = sourcecode.swift; path = TodoQueueTests.swift; sourceTree = "<group>"; };
		1F49F6E81D698D1300CDC794 /* Info.plist */ = {isa = PBXFileReference; lastKnownFileType = text.plist.xml; path = Info.plist; sourceTree = "<group>"; };
		1F49F6ED1D698D1300CDC794 /* TodoQueueUITests.xctest */ = {isa = PBXFileReference; explicitFileType = wrapper.cfbundle; includeInIndex = 0; path = TodoQueueUITests.xctest; sourceTree = BUILT_PRODUCTS_DIR; };
		1F49F6F11D698D1300CDC794 /* TodoQueueUITests.swift */ = {isa = PBXFileReference; lastKnownFileType = sourcecode.swift; path = TodoQueueUITests.swift; sourceTree = "<group>"; };
		1F49F6F31D698D1300CDC794 /* Info.plist */ = {isa = PBXFileReference; lastKnownFileType = text.plist.xml; path = Info.plist; sourceTree = "<group>"; };
		1F49F6FF1D69933100CDC794 /* FormController.swift */ = {isa = PBXFileReference; fileEncoding = 4; lastKnownFileType = sourcecode.swift; name = FormController.swift; path = ../FormController.swift; sourceTree = "<group>"; };
		1F49F7011D699A5900CDC794 /* TodoQueueTabController.swift */ = {isa = PBXFileReference; fileEncoding = 4; lastKnownFileType = sourcecode.swift; path = TodoQueueTabController.swift; sourceTree = "<group>"; };
		1F5630031D6A678A00DA9B57 /* TaskListController.swift */ = {isa = PBXFileReference; fileEncoding = 4; lastKnownFileType = sourcecode.swift; path = TaskListController.swift; sourceTree = "<group>"; };
		1F77AFCA1D7103AC0047E81A /* TimerController.swift */ = {isa = PBXFileReference; fileEncoding = 4; lastKnownFileType = sourcecode.swift; path = TimerController.swift; sourceTree = "<group>"; };
/* End PBXFileReference section */

/* Begin PBXFrameworksBuildPhase section */
		1F49F6CB1D698D1300CDC794 /* Frameworks */ = {
			isa = PBXFrameworksBuildPhase;
			buildActionMask = 2147483647;
			files = (
			);
			runOnlyForDeploymentPostprocessing = 0;
		};
		1F49F6DF1D698D1300CDC794 /* Frameworks */ = {
			isa = PBXFrameworksBuildPhase;
			buildActionMask = 2147483647;
			files = (
			);
			runOnlyForDeploymentPostprocessing = 0;
		};
		1F49F6EA1D698D1300CDC794 /* Frameworks */ = {
			isa = PBXFrameworksBuildPhase;
			buildActionMask = 2147483647;
			files = (
			);
			runOnlyForDeploymentPostprocessing = 0;
		};
/* End PBXFrameworksBuildPhase section */

/* Begin PBXGroup section */
		1F10A33E1D6A4FDF0014252A /* DataStorage */ = {
			isa = PBXGroup;
			children = (
				1F10A33F1D6A4FFF0014252A /* Date.swift */,
				1F10A3411D6A55890014252A /* Task.swift */,
			);
			name = DataStorage;
			sourceTree = "<group>";
		};
		1F49F6C51D698D1300CDC794 = {
			isa = PBXGroup;
			children = (
				1F49F6D01D698D1300CDC794 /* TodoQueue */,
				1F49F6E51D698D1300CDC794 /* TodoQueueTests */,
				1F49F6F01D698D1300CDC794 /* TodoQueueUITests */,
				1F49F6CF1D698D1300CDC794 /* Products */,
			);
			sourceTree = "<group>";
		};
		1F49F6CF1D698D1300CDC794 /* Products */ = {
			isa = PBXGroup;
			children = (
				1F49F6CE1D698D1300CDC794 /* TodoQueue.app */,
				1F49F6E21D698D1300CDC794 /* TodoQueueTests.xctest */,
				1F49F6ED1D698D1300CDC794 /* TodoQueueUITests.xctest */,
			);
			name = Products;
			sourceTree = "<group>";
		};
		1F49F6D01D698D1300CDC794 /* TodoQueue */ = {
			isa = PBXGroup;
			children = (
				1F49F6FF1D69933100CDC794 /* FormController.swift */,
				1F49F7011D699A5900CDC794 /* TodoQueueTabController.swift */,
				1F10A33E1D6A4FDF0014252A /* DataStorage */,
				1F49F6D11D698D1300CDC794 /* AppDelegate.swift */,
				1F49F6D51D698D1300CDC794 /* Main.storyboard */,
				1F49F6D81D698D1300CDC794 /* Assets.xcassets */,
				1F49F6DA1D698D1300CDC794 /* LaunchScreen.storyboard */,
				1F49F6DD1D698D1300CDC794 /* Info.plist */,
				1F5630031D6A678A00DA9B57 /* TaskListController.swift */,
				1F77AFCA1D7103AC0047E81A /* TimerController.swift */,
			);
			path = TodoQueue;
			sourceTree = "<group>";
		};
		1F49F6E51D698D1300CDC794 /* TodoQueueTests */ = {
			isa = PBXGroup;
			children = (
				1F49F6E61D698D1300CDC794 /* TodoQueueTests.swift */,
				1F49F6E81D698D1300CDC794 /* Info.plist */,
			);
			path = TodoQueueTests;
			sourceTree = "<group>";
		};
		1F49F6F01D698D1300CDC794 /* TodoQueueUITests */ = {
			isa = PBXGroup;
			children = (
				1F49F6F11D698D1300CDC794 /* TodoQueueUITests.swift */,
				1F49F6F31D698D1300CDC794 /* Info.plist */,
			);
			path = TodoQueueUITests;
			sourceTree = "<group>";
		};
/* End PBXGroup section */

/* Begin PBXNativeTarget section */
		1F49F6CD1D698D1300CDC794 /* TodoQueue */ = {
			isa = PBXNativeTarget;
			buildConfigurationList = 1F49F6F61D698D1300CDC794 /* Build configuration list for PBXNativeTarget "TodoQueue" */;
			buildPhases = (
				1F49F6CA1D698D1300CDC794 /* Sources */,
				1F49F6CB1D698D1300CDC794 /* Frameworks */,
				1F49F6CC1D698D1300CDC794 /* Resources */,
			);
			buildRules = (
			);
			dependencies = (
			);
			name = TodoQueue;
			productName = TodoQueue;
			productReference = 1F49F6CE1D698D1300CDC794 /* TodoQueue.app */;
			productType = "com.apple.product-type.application";
		};
		1F49F6E11D698D1300CDC794 /* TodoQueueTests */ = {
			isa = PBXNativeTarget;
			buildConfigurationList = 1F49F6F91D698D1300CDC794 /* Build configuration list for PBXNativeTarget "TodoQueueTests" */;
			buildPhases = (
				1F49F6DE1D698D1300CDC794 /* Sources */,
				1F49F6DF1D698D1300CDC794 /* Frameworks */,
				1F49F6E01D698D1300CDC794 /* Resources */,
			);
			buildRules = (
			);
			dependencies = (
				1F49F6E41D698D1300CDC794 /* PBXTargetDependency */,
			);
			name = TodoQueueTests;
			productName = TodoQueueTests;
			productReference = 1F49F6E21D698D1300CDC794 /* TodoQueueTests.xctest */;
			productType = "com.apple.product-type.bundle.unit-test";
		};
		1F49F6EC1D698D1300CDC794 /* TodoQueueUITests */ = {
			isa = PBXNativeTarget;
			buildConfigurationList = 1F49F6FC1D698D1300CDC794 /* Build configuration list for PBXNativeTarget "TodoQueueUITests" */;
			buildPhases = (
				1F49F6E91D698D1300CDC794 /* Sources */,
				1F49F6EA1D698D1300CDC794 /* Frameworks */,
				1F49F6EB1D698D1300CDC794 /* Resources */,
			);
			buildRules = (
			);
			dependencies = (
				1F49F6EF1D698D1300CDC794 /* PBXTargetDependency */,
			);
			name = TodoQueueUITests;
			productName = TodoQueueUITests;
			productReference = 1F49F6ED1D698D1300CDC794 /* TodoQueueUITests.xctest */;
			productType = "com.apple.product-type.bundle.ui-testing";
		};
/* End PBXNativeTarget section */

/* Begin PBXProject section */
		1F49F6C61D698D1300CDC794 /* Project object */ = {
			isa = PBXProject;
			attributes = {
				LastSwiftUpdateCheck = 0800;
				LastUpgradeCheck = 0800;
				ORGANIZATIONNAME = "otoo jaursk";
				TargetAttributes = {
					1F49F6CD1D698D1300CDC794 = {
						CreatedOnToolsVersion = 8.0;
						ProvisioningStyle = Automatic;
					};
					1F49F6E11D698D1300CDC794 = {
						CreatedOnToolsVersion = 8.0;
						ProvisioningStyle = Automatic;
						TestTargetID = 1F49F6CD1D698D1300CDC794;
					};
					1F49F6EC1D698D1300CDC794 = {
						CreatedOnToolsVersion = 8.0;
						ProvisioningStyle = Automatic;
						TestTargetID = 1F49F6CD1D698D1300CDC794;
					};
				};
			};
			buildConfigurationList = 1F49F6C91D698D1300CDC794 /* Build configuration list for PBXProject "TodoQueue" */;
			compatibilityVersion = "Xcode 3.2";
			developmentRegion = English;
			hasScannedForEncodings = 0;
			knownRegions = (
				en,
				Base,
			);
			mainGroup = 1F49F6C51D698D1300CDC794;
			productRefGroup = 1F49F6CF1D698D1300CDC794 /* Products */;
			projectDirPath = "";
			projectRoot = "";
			targets = (
				1F49F6CD1D698D1300CDC794 /* TodoQueue */,
				1F49F6E11D698D1300CDC794 /* TodoQueueTests */,
				1F49F6EC1D698D1300CDC794 /* TodoQueueUITests */,
			);
		};
/* End PBXProject section */

/* Begin PBXResourcesBuildPhase section */
		1F49F6CC1D698D1300CDC794 /* Resources */ = {
			isa = PBXResourcesBuildPhase;
			buildActionMask = 2147483647;
			files = (
				1F49F6DC1D698D1300CDC794 /* LaunchScreen.storyboard in Resources */,
				1F49F6D91D698D1300CDC794 /* Assets.xcassets in Resources */,
				1F49F6D71D698D1300CDC794 /* Main.storyboard in Resources */,
			);
			runOnlyForDeploymentPostprocessing = 0;
		};
		1F49F6E01D698D1300CDC794 /* Resources */ = {
			isa = PBXResourcesBuildPhase;
			buildActionMask = 2147483647;
			files = (
			);
			runOnlyForDeploymentPostprocessing = 0;
		};
		1F49F6EB1D698D1300CDC794 /* Resources */ = {
			isa = PBXResourcesBuildPhase;
			buildActionMask = 2147483647;
			files = (
			);
			runOnlyForDeploymentPostprocessing = 0;
		};
/* End PBXResourcesBuildPhase section */

/* Begin PBXSourcesBuildPhase section */
		1F49F6CA1D698D1300CDC794 /* Sources */ = {
			isa = PBXSourcesBuildPhase;
			buildActionMask = 2147483647;
			files = (
				1F49F6D21D698D1300CDC794 /* AppDelegate.swift in Sources */,
				1F49F7021D699A5900CDC794 /* TodoQueueTabController.swift in Sources */,
				1F5630041D6A678A00DA9B57 /* TaskListController.swift in Sources */,
				1F10A3421D6A55890014252A /* Task.swift in Sources */,
				1F77AFCB1D7103AC0047E81A /* TimerController.swift in Sources */,
				1F49F7001D69933100CDC794 /* FormController.swift in Sources */,
				1F10A3401D6A4FFF0014252A /* Date.swift in Sources */,
			);
			runOnlyForDeploymentPostprocessing = 0;
		};
		1F49F6DE1D698D1300CDC794 /* Sources */ = {
			isa = PBXSourcesBuildPhase;
			buildActionMask = 2147483647;
			files = (
				1F49F6E71D698D1300CDC794 /* TodoQueueTests.swift in Sources */,
			);
			runOnlyForDeploymentPostprocessing = 0;
		};
		1F49F6E91D698D1300CDC794 /* Sources */ = {
			isa = PBXSourcesBuildPhase;
			buildActionMask = 2147483647;
			files = (
				1F49F6F21D698D1300CDC794 /* TodoQueueUITests.swift in Sources */,
			);
			runOnlyForDeploymentPostprocessing = 0;
		};
/* End PBXSourcesBuildPhase section */

/* Begin PBXTargetDependency section */
		1F49F6E41D698D1300CDC794 /* PBXTargetDependency */ = {
			isa = PBXTargetDependency;
			target = 1F49F6CD1D698D1300CDC794 /* TodoQueue */;
			targetProxy = 1F49F6E31D698D1300CDC794 /* PBXContainerItemProxy */;
		};
		1F49F6EF1D698D1300CDC794 /* PBXTargetDependency */ = {
			isa = PBXTargetDependency;
			target = 1F49F6CD1D698D1300CDC794 /* TodoQueue */;
			targetProxy = 1F49F6EE1D698D1300CDC794 /* PBXContainerItemProxy */;
		};
/* End PBXTargetDependency section */

/* Begin PBXVariantGroup section */
		1F49F6D51D698D1300CDC794 /* Main.storyboard */ = {
			isa = PBXVariantGroup;
			children = (
				1F49F6D61D698D1300CDC794 /* Base */,
			);
			name = Main.storyboard;
			sourceTree = "<group>";
		};
		1F49F6DA1D698D1300CDC794 /* LaunchScreen.storyboard */ = {
			isa = PBXVariantGroup;
			children = (
				1F49F6DB1D698D1300CDC794 /* Base */,
			);
			name = LaunchScreen.storyboard;
			sourceTree = "<group>";
		};
/* End PBXVariantGroup section */

/* Begin XCBuildConfiguration section */
		1F49F6F41D698D1300CDC794 /* Debug */ = {
			isa = XCBuildConfiguration;
			buildSettings = {
				ALWAYS_SEARCH_USER_PATHS = NO;
				CLANG_ANALYZER_NONNULL = YES;
				CLANG_CXX_LANGUAGE_STANDARD = "gnu++0x";
				CLANG_CXX_LIBRARY = "libc++";
				CLANG_ENABLE_MODULES = YES;
				CLANG_ENABLE_OBJC_ARC = YES;
				CLANG_WARN_BOOL_CONVERSION = YES;
				CLANG_WARN_CONSTANT_CONVERSION = YES;
				CLANG_WARN_DIRECT_OBJC_ISA_USAGE = YES_ERROR;
				CLANG_WARN_DOCUMENTATION_COMMENTS = YES;
				CLANG_WARN_EMPTY_BODY = YES;
				CLANG_WARN_ENUM_CONVERSION = YES;
				CLANG_WARN_INT_CONVERSION = YES;
				CLANG_WARN_OBJC_ROOT_CLASS = YES_ERROR;
				CLANG_WARN_UNREACHABLE_CODE = YES;
				CLANG_WARN__DUPLICATE_METHOD_MATCH = YES;
				"CODE_SIGN_IDENTITY[sdk=iphoneos*]" = "iPhone Developer";
				COPY_PHASE_STRIP = NO;
				DEBUG_INFORMATION_FORMAT = dwarf;
				ENABLE_STRICT_OBJC_MSGSEND = YES;
				ENABLE_TESTABILITY = YES;
				GCC_C_LANGUAGE_STANDARD = gnu99;
				GCC_DYNAMIC_NO_PIC = NO;
				GCC_NO_COMMON_BLOCKS = YES;
				GCC_OPTIMIZATION_LEVEL = 0;
				GCC_PREPROCESSOR_DEFINITIONS = (
					"DEBUG=1",
					"$(inherited)",
				);
				GCC_WARN_64_TO_32_BIT_CONVERSION = YES;
				GCC_WARN_ABOUT_RETURN_TYPE = YES_ERROR;
				GCC_WARN_UNDECLARED_SELECTOR = YES;
				GCC_WARN_UNINITIALIZED_AUTOS = YES_AGGRESSIVE;
				GCC_WARN_UNUSED_FUNCTION = YES;
				GCC_WARN_UNUSED_VARIABLE = YES;
				IPHONEOS_DEPLOYMENT_TARGET = 10.0;
				MTL_ENABLE_DEBUG_INFO = YES;
				ONLY_ACTIVE_ARCH = YES;
				SDKROOT = iphoneos;
				SWIFT_ACTIVE_COMPILATION_CONDITIONS = DEBUG;
				SWIFT_OPTIMIZATION_LEVEL = "-Onone";
				TARGETED_DEVICE_FAMILY = "1,2";
			};
			name = Debug;
		};
		1F49F6F51D698D1300CDC794 /* Release */ = {
			isa = XCBuildConfiguration;
			buildSettings = {
				ALWAYS_SEARCH_USER_PATHS = NO;
				CLANG_ANALYZER_NONNULL = YES;
				CLANG_CXX_LANGUAGE_STANDARD = "gnu++0x";
				CLANG_CXX_LIBRARY = "libc++";
				CLANG_ENABLE_MODULES = YES;
				CLANG_ENABLE_OBJC_ARC = YES;
				CLANG_WARN_BOOL_CONVERSION = YES;
				CLANG_WARN_CONSTANT_CONVERSION = YES;
				CLANG_WARN_DIRECT_OBJC_ISA_USAGE = YES_ERROR;
				CLANG_WARN_DOCUMENTATION_COMMENTS = YES;
				CLANG_WARN_EMPTY_BODY = YES;
				CLANG_WARN_ENUM_CONVERSION = YES;
				CLANG_WARN_INT_CONVERSION = YES;
				CLANG_WARN_OBJC_ROOT_CLASS = YES_ERROR;
				CLANG_WARN_UNREACHABLE_CODE = YES;
				CLANG_WARN__DUPLICATE_METHOD_MATCH = YES;
				"CODE_SIGN_IDENTITY[sdk=iphoneos*]" = "iPhone Developer";
				COPY_PHASE_STRIP = NO;
				DEBUG_INFORMATION_FORMAT = "dwarf-with-dsym";
				ENABLE_NS_ASSERTIONS = NO;
				ENABLE_STRICT_OBJC_MSGSEND = YES;
				GCC_C_LANGUAGE_STANDARD = gnu99;
				GCC_NO_COMMON_BLOCKS = YES;
				GCC_WARN_64_TO_32_BIT_CONVERSION = YES;
				GCC_WARN_ABOUT_RETURN_TYPE = YES_ERROR;
				GCC_WARN_UNDECLARED_SELECTOR = YES;
				GCC_WARN_UNINITIALIZED_AUTOS = YES_AGGRESSIVE;
				GCC_WARN_UNUSED_FUNCTION = YES;
				GCC_WARN_UNUSED_VARIABLE = YES;
				IPHONEOS_DEPLOYMENT_TARGET = 10.0;
				MTL_ENABLE_DEBUG_INFO = NO;
				SDKROOT = iphoneos;
				SWIFT_OPTIMIZATION_LEVEL = "-Owholemodule";
				TARGETED_DEVICE_FAMILY = "1,2";
				VALIDATE_PRODUCT = YES;
			};
			name = Release;
		};
		1F49F6F71D698D1300CDC794 /* Debug */ = {
			isa = XCBuildConfiguration;
			buildSettings = {
				ASSETCATALOG_COMPILER_APPICON_NAME = AppIcon;
				INFOPLIST_FILE = TodoQueue/Info.plist;
				LD_RUNPATH_SEARCH_PATHS = "$(inherited) @executable_path/Frameworks";
				PRODUCT_BUNDLE_IDENTIFIER = otoo.jaursk.TodoQueue;
				PRODUCT_NAME = "$(TARGET_NAME)";
				SWIFT_VERSION = 3.0;
			};
			name = Debug;
		};
		1F49F6F81D698D1300CDC794 /* Release */ = {
			isa = XCBuildConfiguration;
			buildSettings = {
				ASSETCATALOG_COMPILER_APPICON_NAME = AppIcon;
				INFOPLIST_FILE = TodoQueue/Info.plist;
				LD_RUNPATH_SEARCH_PATHS = "$(inherited) @executable_path/Frameworks";
				PRODUCT_BUNDLE_IDENTIFIER = otoo.jaursk.TodoQueue;
				PRODUCT_NAME = "$(TARGET_NAME)";
				SWIFT_VERSION = 3.0;
			};
			name = Release;
		};
		1F49F6FA1D698D1300CDC794 /* Debug */ = {
			isa = XCBuildConfiguration;
			buildSettings = {
				BUNDLE_LOADER = "$(TEST_HOST)";
				INFOPLIST_FILE = TodoQueueTests/Info.plist;
				LD_RUNPATH_SEARCH_PATHS = "$(inherited) @executable_path/Frameworks @loader_path/Frameworks";
				PRODUCT_BUNDLE_IDENTIFIER = otoo.jaursk.TodoQueueTests;
				PRODUCT_NAME = "$(TARGET_NAME)";
				SWIFT_VERSION = 3.0;
				TEST_HOST = "$(BUILT_PRODUCTS_DIR)/TodoQueue.app/TodoQueue";
			};
			name = Debug;
		};
		1F49F6FB1D698D1300CDC794 /* Release */ = {
			isa = XCBuildConfiguration;
			buildSettings = {
				BUNDLE_LOADER = "$(TEST_HOST)";
				INFOPLIST_FILE = TodoQueueTests/Info.plist;
				LD_RUNPATH_SEARCH_PATHS = "$(inherited) @executable_path/Frameworks @loader_path/Frameworks";
				PRODUCT_BUNDLE_IDENTIFIER = otoo.jaursk.TodoQueueTests;
				PRODUCT_NAME = "$(TARGET_NAME)";
				SWIFT_VERSION = 3.0;
				TEST_HOST = "$(BUILT_PRODUCTS_DIR)/TodoQueue.app/TodoQueue";
			};
			name = Release;
		};
		1F49F6FD1D698D1300CDC794 /* Debug */ = {
			isa = XCBuildConfiguration;
			buildSettings = {
				INFOPLIST_FILE = TodoQueueUITests/Info.plist;
				LD_RUNPATH_SEARCH_PATHS = "$(inherited) @executable_path/Frameworks @loader_path/Frameworks";
				PRODUCT_BUNDLE_IDENTIFIER = otoo.jaursk.TodoQueueUITests;
				PRODUCT_NAME = "$(TARGET_NAME)";
				SWIFT_VERSION = 3.0;
				TEST_TARGET_NAME = TodoQueue;
			};
			name = Debug;
		};
		1F49F6FE1D698D1300CDC794 /* Release */ = {
			isa = XCBuildConfiguration;
			buildSettings = {
				INFOPLIST_FILE = TodoQueueUITests/Info.plist;
				LD_RUNPATH_SEARCH_PATHS = "$(inherited) @executable_path/Frameworks @loader_path/Frameworks";
				PRODUCT_BUNDLE_IDENTIFIER = otoo.jaursk.TodoQueueUITests;
				PRODUCT_NAME = "$(TARGET_NAME)";
				SWIFT_VERSION = 3.0;
				TEST_TARGET_NAME = TodoQueue;
			};
			name = Release;
		};
/* End XCBuildConfiguration section */

/* Begin XCConfigurationList section */
		1F49F6C91D698D1300CDC794 /* Build configuration list for PBXProject "TodoQueue" */ = {
			isa = XCConfigurationList;
			buildConfigurations = (
				1F49F6F41D698D1300CDC794 /* Debug */,
				1F49F6F51D698D1300CDC794 /* Release */,
			);
			defaultConfigurationIsVisible = 0;
			defaultConfigurationName = Release;
		};
		1F49F6F61D698D1300CDC794 /* Build configuration list for PBXNativeTarget "TodoQueue" */ = {
			isa = XCConfigurationList;
			buildConfigurations = (
				1F49F6F71D698D1300CDC794 /* Debug */,
				1F49F6F81D698D1300CDC794 /* Release */,
			);
			defaultConfigurationIsVisible = 0;
			defaultConfigurationName = Release;
		};
		1F49F6F91D698D1300CDC794 /* Build configuration list for PBXNativeTarget "TodoQueueTests" */ = {
			isa = XCConfigurationList;
			buildConfigurations = (
				1F49F6FA1D698D1300CDC794 /* Debug */,
				1F49F6FB1D698D1300CDC794 /* Release */,
			);
			defaultConfigurationIsVisible = 0;
			defaultConfigurationName = Release;
		};
		1F49F6FC1D698D1300CDC794 /* Build configuration list for PBXNativeTarget "TodoQueueUITests" */ = {
			isa = XCConfigurationList;
			buildConfigurations = (
				1F49F6FD1D698D1300CDC794 /* Debug */,
				1F49F6FE1D698D1300CDC794 /* Release */,
			);
			defaultConfigurationIsVisible = 0;
			defaultConfigurationName = Release;
		};
/* End XCConfigurationList section */
	};
	rootObject = 1F49F6C61D698D1300CDC794 /* Project object */;
}
